// !$*UTF8*$!
{
	archiveVersion = 1;
	classes = {
	};
	objectVersion = 51;
	objects = {

/* Begin PBXBuildFile section */
		150799E025628E8C005DBEF5 /* AppDelegate.swift in Sources */ = {isa = PBXBuildFile; fileRef = 150799DF25628E8C005DBEF5 /* AppDelegate.swift */; };
		150799E225628E8C005DBEF5 /* SceneDelegate.swift in Sources */ = {isa = PBXBuildFile; fileRef = 150799E125628E8C005DBEF5 /* SceneDelegate.swift */; };
		150799E425628E8C005DBEF5 /* ZQObservableViewController.swift in Sources */ = {isa = PBXBuildFile; fileRef = 150799E325628E8C005DBEF5 /* ZQObservableViewController.swift */; };
		150799E725628E8C005DBEF5 /* Main.storyboard in Resources */ = {isa = PBXBuildFile; fileRef = 150799E525628E8C005DBEF5 /* Main.storyboard */; };
		150799E925628E8E005DBEF5 /* Assets.xcassets in Resources */ = {isa = PBXBuildFile; fileRef = 150799E825628E8E005DBEF5 /* Assets.xcassets */; };
		150799EC25628E8E005DBEF5 /* LaunchScreen.storyboard in Resources */ = {isa = PBXBuildFile; fileRef = 150799EA25628E8E005DBEF5 /* LaunchScreen.storyboard */; };
		150799F725628E8F005DBEF5 /* RxSwiftReviewDemoTests.swift in Sources */ = {isa = PBXBuildFile; fileRef = 150799F625628E8F005DBEF5 /* RxSwiftReviewDemoTests.swift */; };
		15079A0225628E8F005DBEF5 /* RxSwiftReviewDemoUITests.swift in Sources */ = {isa = PBXBuildFile; fileRef = 15079A0125628E8F005DBEF5 /* RxSwiftReviewDemoUITests.swift */; };
		15361D9F25805D3E008325FB /* RootViewController.swift in Sources */ = {isa = PBXBuildFile; fileRef = 15361D9E25805D3D008325FB /* RootViewController.swift */; };
		155733AB25B13193000AC106 /* ZQOperatorFilterViewController.swift in Sources */ = {isa = PBXBuildFile; fileRef = 155733AA25B13193000AC106 /* ZQOperatorFilterViewController.swift */; };
		1588A08F25C93BAA005A3C8B /* ZQOperatorConnectableViewController.swift in Sources */ = {isa = PBXBuildFile; fileRef = 1588A08E25C93BAA005A3C8B /* ZQOperatorConnectableViewController.swift */; };
		1588A09425C94633005A3C8B /* ZQOperatorMathematicalAggregateViewController.swift in Sources */ = {isa = PBXBuildFile; fileRef = 1588A09325C94633005A3C8B /* ZQOperatorMathematicalAggregateViewController.swift */; };
		1588A0A525C94997005A3C8B /* ZQOperatorOtherViewController.swift in Sources */ = {isa = PBXBuildFile; fileRef = 1588A0A425C94997005A3C8B /* ZQOperatorOtherViewController.swift */; };
		1588A0AD25C94A98005A3C8B /* ZQErrorHandlingOperatorsViewController.swift in Sources */ = {isa = PBXBuildFile; fileRef = 1588A0AC25C94A98005A3C8B /* ZQErrorHandlingOperatorsViewController.swift */; };
		1588A0B525C94ACD005A3C8B /* ZQDebugViewController.swift in Sources */ = {isa = PBXBuildFile; fileRef = 1588A0B425C94ACD005A3C8B /* ZQDebugViewController.swift */; };
		15983C1C2592DA9700F72BDC /* ZQSubjectsViewController.swift in Sources */ = {isa = PBXBuildFile; fileRef = 15983C1B2592DA9700F72BDC /* ZQSubjectsViewController.swift */; };
		15A5BF6425AC5F240000A30F /* ZQOperatorCombineViewController.swift in Sources */ = {isa = PBXBuildFile; fileRef = 15A5BF6325AC5F230000A30F /* ZQOperatorCombineViewController.swift */; };
		15C010DA25A3129200B9EAFA /* ZQOperatorTransformViewController.swift in Sources */ = {isa = PBXBuildFile; fileRef = 15C010D925A3129200B9EAFA /* ZQOperatorTransformViewController.swift */; };
		15C7D6B425B84447002765B5 /* ZQOperatorConditionalBooleanViewController.swift in Sources */ = {isa = PBXBuildFile; fileRef = 15C7D6B325B84447002765B5 /* ZQOperatorConditionalBooleanViewController.swift */; };
		15CD6225259B2E2300D647EB /* BaseViewController.swift in Sources */ = {isa = PBXBuildFile; fileRef = 15CD6224259B2E2300D647EB /* BaseViewController.swift */; };
		15EDFB7E258231F300537D31 /* ZQObserverViewController.swift in Sources */ = {isa = PBXBuildFile; fileRef = 15EDFB7D258231F300537D31 /* ZQObserverViewController.swift */; };
		1805A49D2ED7477243578EFE /* Pods_RxSwiftReviewDemoTests.framework in Frameworks */ = {isa = PBXBuildFile; fileRef = 4E69AE114B7F3BB8234F71BC /* Pods_RxSwiftReviewDemoTests.framework */; };
		A134892D7FC159059E38079A /* Pods_RxSwiftReviewDemo.framework in Frameworks */ = {isa = PBXBuildFile; fileRef = B9069240FA0662A229968B52 /* Pods_RxSwiftReviewDemo.framework */; };
		E6A46AFE3AB1A76A7048286B /* Pods_RxSwiftReviewDemo_RxSwiftReviewDemoUITests.framework in Frameworks */ = {isa = PBXBuildFile; fileRef = C12E1B36BD3AA86DE6B8FF26 /* Pods_RxSwiftReviewDemo_RxSwiftReviewDemoUITests.framework */; };
/* End PBXBuildFile section */

/* Begin PBXContainerItemProxy section */
		150799F325628E8F005DBEF5 /* PBXContainerItemProxy */ = {
			isa = PBXContainerItemProxy;
			containerPortal = 150799D425628E8C005DBEF5 /* Project object */;
			proxyType = 1;
			remoteGlobalIDString = 150799DB25628E8C005DBEF5;
			remoteInfo = RxSwiftReviewDemo;
		};
		150799FE25628E8F005DBEF5 /* PBXContainerItemProxy */ = {
			isa = PBXContainerItemProxy;
			containerPortal = 150799D425628E8C005DBEF5 /* Project object */;
			proxyType = 1;
			remoteGlobalIDString = 150799DB25628E8C005DBEF5;
			remoteInfo = RxSwiftReviewDemo;
		};
/* End PBXContainerItemProxy section */

/* Begin PBXFileReference section */
		150799DC25628E8C005DBEF5 /* RxSwiftReviewDemo.app */ = {isa = PBXFileReference; explicitFileType = wrapper.application; includeInIndex = 0; path = RxSwiftReviewDemo.app; sourceTree = BUILT_PRODUCTS_DIR; };
		150799DF25628E8C005DBEF5 /* AppDelegate.swift */ = {isa = PBXFileReference; lastKnownFileType = sourcecode.swift; path = AppDelegate.swift; sourceTree = "<group>"; };
		150799E125628E8C005DBEF5 /* SceneDelegate.swift */ = {isa = PBXFileReference; lastKnownFileType = sourcecode.swift; path = SceneDelegate.swift; sourceTree = "<group>"; };
		150799E325628E8C005DBEF5 /* ZQObservableViewController.swift */ = {isa = PBXFileReference; lastKnownFileType = sourcecode.swift; path = ZQObservableViewController.swift; sourceTree = "<group>"; };
		150799E625628E8C005DBEF5 /* Base */ = {isa = PBXFileReference; lastKnownFileType = file.storyboard; name = Base; path = Base.lproj/Main.storyboard; sourceTree = "<group>"; };
		150799E825628E8E005DBEF5 /* Assets.xcassets */ = {isa = PBXFileReference; lastKnownFileType = folder.assetcatalog; path = Assets.xcassets; sourceTree = "<group>"; };
		150799EB25628E8E005DBEF5 /* Base */ = {isa = PBXFileReference; lastKnownFileType = file.storyboard; name = Base; path = Base.lproj/LaunchScreen.storyboard; sourceTree = "<group>"; };
		150799ED25628E8E005DBEF5 /* Info.plist */ = {isa = PBXFileReference; lastKnownFileType = text.plist.xml; path = Info.plist; sourceTree = "<group>"; };
		150799F225628E8F005DBEF5 /* RxSwiftReviewDemoTests.xctest */ = {isa = PBXFileReference; explicitFileType = wrapper.cfbundle; includeInIndex = 0; path = RxSwiftReviewDemoTests.xctest; sourceTree = BUILT_PRODUCTS_DIR; };
		150799F625628E8F005DBEF5 /* RxSwiftReviewDemoTests.swift */ = {isa = PBXFileReference; lastKnownFileType = sourcecode.swift; path = RxSwiftReviewDemoTests.swift; sourceTree = "<group>"; };
		150799F825628E8F005DBEF5 /* Info.plist */ = {isa = PBXFileReference; lastKnownFileType = text.plist.xml; path = Info.plist; sourceTree = "<group>"; };
		150799FD25628E8F005DBEF5 /* RxSwiftReviewDemoUITests.xctest */ = {isa = PBXFileReference; explicitFileType = wrapper.cfbundle; includeInIndex = 0; path = RxSwiftReviewDemoUITests.xctest; sourceTree = BUILT_PRODUCTS_DIR; };
		15079A0125628E8F005DBEF5 /* RxSwiftReviewDemoUITests.swift */ = {isa = PBXFileReference; lastKnownFileType = sourcecode.swift; path = RxSwiftReviewDemoUITests.swift; sourceTree = "<group>"; };
		15079A0325628E8F005DBEF5 /* Info.plist */ = {isa = PBXFileReference; lastKnownFileType = text.plist.xml; path = Info.plist; sourceTree = "<group>"; };
		15079A1F2562924C005DBEF5 /* Playground - Observable.playground */ = {isa = PBXFileReference; lastKnownFileType = file.playground; path = "Playground - Observable.playground"; sourceTree = "<group>"; xcLanguageSpecificationIdentifier = xcode.lang.swift; };
		15361D9E25805D3D008325FB /* RootViewController.swift */ = {isa = PBXFileReference; lastKnownFileType = sourcecode.swift; path = RootViewController.swift; sourceTree = "<group>"; };
		155733AA25B13193000AC106 /* ZQOperatorFilterViewController.swift */ = {isa = PBXFileReference; lastKnownFileType = sourcecode.swift; path = ZQOperatorFilterViewController.swift; sourceTree = "<group>"; };
		1588A08E25C93BAA005A3C8B /* ZQOperatorConnectableViewController.swift */ = {isa = PBXFileReference; lastKnownFileType = sourcecode.swift; path = ZQOperatorConnectableViewController.swift; sourceTree = "<group>"; };
		1588A09325C94633005A3C8B /* ZQOperatorMathematicalAggregateViewController.swift */ = {isa = PBXFileReference; lastKnownFileType = sourcecode.swift; path = ZQOperatorMathematicalAggregateViewController.swift; sourceTree = "<group>"; };
		1588A0A425C94997005A3C8B /* ZQOperatorOtherViewController.swift */ = {isa = PBXFileReference; lastKnownFileType = sourcecode.swift; path = ZQOperatorOtherViewController.swift; sourceTree = "<group>"; };
		1588A0AC25C94A98005A3C8B /* ZQErrorHandlingOperatorsViewController.swift */ = {isa = PBXFileReference; fileEncoding = 4; lastKnownFileType = sourcecode.swift; path = ZQErrorHandlingOperatorsViewController.swift; sourceTree = "<group>"; };
		1588A0B425C94ACD005A3C8B /* ZQDebugViewController.swift */ = {isa = PBXFileReference; fileEncoding = 4; lastKnownFileType = sourcecode.swift; path = ZQDebugViewController.swift; sourceTree = "<group>"; };
		15983C1B2592DA9700F72BDC /* ZQSubjectsViewController.swift */ = {isa = PBXFileReference; lastKnownFileType = sourcecode.swift; path = ZQSubjectsViewController.swift; sourceTree = "<group>"; };
		15A5BF6325AC5F230000A30F /* ZQOperatorCombineViewController.swift */ = {isa = PBXFileReference; lastKnownFileType = sourcecode.swift; path = ZQOperatorCombineViewController.swift; sourceTree = "<group>"; };
		15C010D925A3129200B9EAFA /* ZQOperatorTransformViewController.swift */ = {isa = PBXFileReference; lastKnownFileType = sourcecode.swift; path = ZQOperatorTransformViewController.swift; sourceTree = "<group>"; };
		15C7D6B325B84447002765B5 /* ZQOperatorConditionalBooleanViewController.swift */ = {isa = PBXFileReference; lastKnownFileType = sourcecode.swift; path = ZQOperatorConditionalBooleanViewController.swift; sourceTree = "<group>"; };
		15CD6224259B2E2300D647EB /* BaseViewController.swift */ = {isa = PBXFileReference; lastKnownFileType = sourcecode.swift; path = BaseViewController.swift; sourceTree = "<group>"; };
		15EDFB7D258231F300537D31 /* ZQObserverViewController.swift */ = {isa = PBXFileReference; lastKnownFileType = sourcecode.swift; path = ZQObserverViewController.swift; sourceTree = "<group>"; };
		49EC978325ADE0B65186141C /* Pods-RxSwiftReviewDemo-RxSwiftReviewDemoUITests.debug.xcconfig */ = {isa = PBXFileReference; includeInIndex = 1; lastKnownFileType = text.xcconfig; name = "Pods-RxSwiftReviewDemo-RxSwiftReviewDemoUITests.debug.xcconfig"; path = "Target Support Files/Pods-RxSwiftReviewDemo-RxSwiftReviewDemoUITests/Pods-RxSwiftReviewDemo-RxSwiftReviewDemoUITests.debug.xcconfig"; sourceTree = "<group>"; };
		4E69AE114B7F3BB8234F71BC /* Pods_RxSwiftReviewDemoTests.framework */ = {isa = PBXFileReference; explicitFileType = wrapper.framework; includeInIndex = 0; path = Pods_RxSwiftReviewDemoTests.framework; sourceTree = BUILT_PRODUCTS_DIR; };
		79835FC679D3CC2F314692EA /* Pods-RxSwiftReviewDemo.release.xcconfig */ = {isa = PBXFileReference; includeInIndex = 1; lastKnownFileType = text.xcconfig; name = "Pods-RxSwiftReviewDemo.release.xcconfig"; path = "Target Support Files/Pods-RxSwiftReviewDemo/Pods-RxSwiftReviewDemo.release.xcconfig"; sourceTree = "<group>"; };
		857B717F5BE33AFF16A0E30F /* Pods-RxSwiftReviewDemo.debug.xcconfig */ = {isa = PBXFileReference; includeInIndex = 1; lastKnownFileType = text.xcconfig; name = "Pods-RxSwiftReviewDemo.debug.xcconfig"; path = "Target Support Files/Pods-RxSwiftReviewDemo/Pods-RxSwiftReviewDemo.debug.xcconfig"; sourceTree = "<group>"; };
		ABC83EDEAC2866D477945C47 /* Pods-RxSwiftReviewDemoTests.release.xcconfig */ = {isa = PBXFileReference; includeInIndex = 1; lastKnownFileType = text.xcconfig; name = "Pods-RxSwiftReviewDemoTests.release.xcconfig"; path = "Target Support Files/Pods-RxSwiftReviewDemoTests/Pods-RxSwiftReviewDemoTests.release.xcconfig"; sourceTree = "<group>"; };
		B02A15D9B40AF9E505ACFC6A /* Pods-RxSwiftReviewDemoTests.debug.xcconfig */ = {isa = PBXFileReference; includeInIndex = 1; lastKnownFileType = text.xcconfig; name = "Pods-RxSwiftReviewDemoTests.debug.xcconfig"; path = "Target Support Files/Pods-RxSwiftReviewDemoTests/Pods-RxSwiftReviewDemoTests.debug.xcconfig"; sourceTree = "<group>"; };
		B9069240FA0662A229968B52 /* Pods_RxSwiftReviewDemo.framework */ = {isa = PBXFileReference; explicitFileType = wrapper.framework; includeInIndex = 0; path = Pods_RxSwiftReviewDemo.framework; sourceTree = BUILT_PRODUCTS_DIR; };
		C12E1B36BD3AA86DE6B8FF26 /* Pods_RxSwiftReviewDemo_RxSwiftReviewDemoUITests.framework */ = {isa = PBXFileReference; explicitFileType = wrapper.framework; includeInIndex = 0; path = Pods_RxSwiftReviewDemo_RxSwiftReviewDemoUITests.framework; sourceTree = BUILT_PRODUCTS_DIR; };
		EDA4DEEF35DBE0099C1466A3 /* Pods-RxSwiftReviewDemo-RxSwiftReviewDemoUITests.release.xcconfig */ = {isa = PBXFileReference; includeInIndex = 1; lastKnownFileType = text.xcconfig; name = "Pods-RxSwiftReviewDemo-RxSwiftReviewDemoUITests.release.xcconfig"; path = "Target Support Files/Pods-RxSwiftReviewDemo-RxSwiftReviewDemoUITests/Pods-RxSwiftReviewDemo-RxSwiftReviewDemoUITests.release.xcconfig"; sourceTree = "<group>"; };
/* End PBXFileReference section */

/* Begin PBXFrameworksBuildPhase section */
		150799D925628E8C005DBEF5 /* Frameworks */ = {
			isa = PBXFrameworksBuildPhase;
			buildActionMask = 2147483647;
			files = (
				A134892D7FC159059E38079A /* Pods_RxSwiftReviewDemo.framework in Frameworks */,
			);
			runOnlyForDeploymentPostprocessing = 0;
		};
		150799EF25628E8F005DBEF5 /* Frameworks */ = {
			isa = PBXFrameworksBuildPhase;
			buildActionMask = 2147483647;
			files = (
				1805A49D2ED7477243578EFE /* Pods_RxSwiftReviewDemoTests.framework in Frameworks */,
			);
			runOnlyForDeploymentPostprocessing = 0;
		};
		150799FA25628E8F005DBEF5 /* Frameworks */ = {
			isa = PBXFrameworksBuildPhase;
			buildActionMask = 2147483647;
			files = (
				E6A46AFE3AB1A76A7048286B /* Pods_RxSwiftReviewDemo_RxSwiftReviewDemoUITests.framework in Frameworks */,
			);
			runOnlyForDeploymentPostprocessing = 0;
		};
/* End PBXFrameworksBuildPhase section */

/* Begin PBXGroup section */
		150799D325628E8C005DBEF5 = {
			isa = PBXGroup;
			children = (
				150799DE25628E8C005DBEF5 /* RxSwiftReviewDemo */,
				150799F525628E8F005DBEF5 /* RxSwiftReviewDemoTests */,
				15079A0025628E8F005DBEF5 /* RxSwiftReviewDemoUITests */,
				150799DD25628E8C005DBEF5 /* Products */,
				C787751A0999B4F8A49BE934 /* Pods */,
				3B60962930863E2E1055D00F /* Frameworks */,
			);
			sourceTree = "<group>";
		};
		150799DD25628E8C005DBEF5 /* Products */ = {
			isa = PBXGroup;
			children = (
				150799DC25628E8C005DBEF5 /* RxSwiftReviewDemo.app */,
				150799F225628E8F005DBEF5 /* RxSwiftReviewDemoTests.xctest */,
				150799FD25628E8F005DBEF5 /* RxSwiftReviewDemoUITests.xctest */,
			);
			name = Products;
			sourceTree = "<group>";
		};
		150799DE25628E8C005DBEF5 /* RxSwiftReviewDemo */ = {
			isa = PBXGroup;
			children = (
				150799DF25628E8C005DBEF5 /* AppDelegate.swift */,
				150799E125628E8C005DBEF5 /* SceneDelegate.swift */,
				15CD6224259B2E2300D647EB /* BaseViewController.swift */,
				15361D9E25805D3D008325FB /* RootViewController.swift */,
				1588A0AB25C94A7D005A3C8B /* 错误处理 */,
				15C010D025A3116200B9EAFA /* Operator - 操作符 */,
				15983C1A2592DA4E00F72BDC /* Subject 既是可监听序列也是观察者 */,
				15EDFB7C2582317100537D31 /* Observer - 响应事件 */,
				15361DA325806116008325FB /* Observable - 特征序列 */,
				15079A1F2562924C005DBEF5 /* Playground - Observable.playground */,
				150799E525628E8C005DBEF5 /* Main.storyboard */,
				150799E825628E8E005DBEF5 /* Assets.xcassets */,
				150799EA25628E8E005DBEF5 /* LaunchScreen.storyboard */,
				150799ED25628E8E005DBEF5 /* Info.plist */,
			);
			path = RxSwiftReviewDemo;
			sourceTree = "<group>";
		};
		150799F525628E8F005DBEF5 /* RxSwiftReviewDemoTests */ = {
			isa = PBXGroup;
			children = (
				150799F625628E8F005DBEF5 /* RxSwiftReviewDemoTests.swift */,
				150799F825628E8F005DBEF5 /* Info.plist */,
			);
			path = RxSwiftReviewDemoTests;
			sourceTree = "<group>";
		};
		15079A0025628E8F005DBEF5 /* RxSwiftReviewDemoUITests */ = {
			isa = PBXGroup;
			children = (
				15079A0125628E8F005DBEF5 /* RxSwiftReviewDemoUITests.swift */,
				15079A0325628E8F005DBEF5 /* Info.plist */,
			);
			path = RxSwiftReviewDemoUITests;
			sourceTree = "<group>";
		};
		15361DA325806116008325FB /* Observable - 特征序列 */ = {
			isa = PBXGroup;
			children = (
				150799E325628E8C005DBEF5 /* ZQObservableViewController.swift */,
			);
			path = "Observable - 特征序列";
			sourceTree = "<group>";
		};
		1588A0AB25C94A7D005A3C8B /* 错误处理 */ = {
			isa = PBXGroup;
			children = (
				1588A0B425C94ACD005A3C8B /* ZQDebugViewController.swift */,
				1588A0AC25C94A98005A3C8B /* ZQErrorHandlingOperatorsViewController.swift */,
			);
			path = "错误处理";
			sourceTree = "<group>";
		};
		15983C1A2592DA4E00F72BDC /* Subject 既是可监听序列也是观察者 */ = {
			isa = PBXGroup;
			children = (
				15983C1B2592DA9700F72BDC /* ZQSubjectsViewController.swift */,
			);
			path = "Subject 既是可监听序列也是观察者";
			sourceTree = "<group>";
		};
		15C010D025A3116200B9EAFA /* Operator - 操作符 */ = {
			isa = PBXGroup;
			children = (
				15C010D925A3129200B9EAFA /* ZQOperatorTransformViewController.swift */,
				15A5BF6325AC5F230000A30F /* ZQOperatorCombineViewController.swift */,
				155733AA25B13193000AC106 /* ZQOperatorFilterViewController.swift */,
				15C7D6B325B84447002765B5 /* ZQOperatorConditionalBooleanViewController.swift */,
				1588A08E25C93BAA005A3C8B /* ZQOperatorConnectableViewController.swift */,
				1588A09325C94633005A3C8B /* ZQOperatorMathematicalAggregateViewController.swift */,
				1588A0A425C94997005A3C8B /* ZQOperatorOtherViewController.swift */,
			);
			path = "Operator - 操作符";
			sourceTree = "<group>";
		};
		15EDFB7C2582317100537D31 /* Observer - 响应事件 */ = {
			isa = PBXGroup;
			children = (
				15EDFB7D258231F300537D31 /* ZQObserverViewController.swift */,
			);
			path = "Observer - 响应事件";
			sourceTree = "<group>";
		};
		3B60962930863E2E1055D00F /* Frameworks */ = {
			isa = PBXGroup;
			children = (
				B9069240FA0662A229968B52 /* Pods_RxSwiftReviewDemo.framework */,
				C12E1B36BD3AA86DE6B8FF26 /* Pods_RxSwiftReviewDemo_RxSwiftReviewDemoUITests.framework */,
				4E69AE114B7F3BB8234F71BC /* Pods_RxSwiftReviewDemoTests.framework */,
			);
			name = Frameworks;
			sourceTree = "<group>";
		};
		C787751A0999B4F8A49BE934 /* Pods */ = {
			isa = PBXGroup;
			children = (
				857B717F5BE33AFF16A0E30F /* Pods-RxSwiftReviewDemo.debug.xcconfig */,
				79835FC679D3CC2F314692EA /* Pods-RxSwiftReviewDemo.release.xcconfig */,
				49EC978325ADE0B65186141C /* Pods-RxSwiftReviewDemo-RxSwiftReviewDemoUITests.debug.xcconfig */,
				EDA4DEEF35DBE0099C1466A3 /* Pods-RxSwiftReviewDemo-RxSwiftReviewDemoUITests.release.xcconfig */,
				B02A15D9B40AF9E505ACFC6A /* Pods-RxSwiftReviewDemoTests.debug.xcconfig */,
				ABC83EDEAC2866D477945C47 /* Pods-RxSwiftReviewDemoTests.release.xcconfig */,
			);
			path = Pods;
			sourceTree = "<group>";
		};
/* End PBXGroup section */

/* Begin PBXNativeTarget section */
		150799DB25628E8C005DBEF5 /* RxSwiftReviewDemo */ = {
			isa = PBXNativeTarget;
			buildConfigurationList = 15079A0625628E8F005DBEF5 /* Build configuration list for PBXNativeTarget "RxSwiftReviewDemo" */;
			buildPhases = (
				A5204D2480323014071F4D77 /* [CP] Check Pods Manifest.lock */,
				150799D825628E8C005DBEF5 /* Sources */,
				150799D925628E8C005DBEF5 /* Frameworks */,
				150799DA25628E8C005DBEF5 /* Resources */,
				6FEABBE48D7A15E5BAF8C675 /* [CP] Embed Pods Frameworks */,
			);
			buildRules = (
			);
			dependencies = (
			);
			name = RxSwiftReviewDemo;
			productName = RxSwiftReviewDemo;
			productReference = 150799DC25628E8C005DBEF5 /* RxSwiftReviewDemo.app */;
			productType = "com.apple.product-type.application";
		};
		150799F125628E8F005DBEF5 /* RxSwiftReviewDemoTests */ = {
			isa = PBXNativeTarget;
			buildConfigurationList = 15079A0925628E8F005DBEF5 /* Build configuration list for PBXNativeTarget "RxSwiftReviewDemoTests" */;
			buildPhases = (
				76D0C340AD72B1A67767D419 /* [CP] Check Pods Manifest.lock */,
				150799EE25628E8F005DBEF5 /* Sources */,
				150799EF25628E8F005DBEF5 /* Frameworks */,
				150799F025628E8F005DBEF5 /* Resources */,
			);
			buildRules = (
			);
			dependencies = (
				150799F425628E8F005DBEF5 /* PBXTargetDependency */,
			);
			name = RxSwiftReviewDemoTests;
			productName = RxSwiftReviewDemoTests;
			productReference = 150799F225628E8F005DBEF5 /* RxSwiftReviewDemoTests.xctest */;
			productType = "com.apple.product-type.bundle.unit-test";
		};
		150799FC25628E8F005DBEF5 /* RxSwiftReviewDemoUITests */ = {
			isa = PBXNativeTarget;
			buildConfigurationList = 15079A0C25628E8F005DBEF5 /* Build configuration list for PBXNativeTarget "RxSwiftReviewDemoUITests" */;
			buildPhases = (
				578CBB9CF673AC7D8D67C5B7 /* [CP] Check Pods Manifest.lock */,
				150799F925628E8F005DBEF5 /* Sources */,
				150799FA25628E8F005DBEF5 /* Frameworks */,
				150799FB25628E8F005DBEF5 /* Resources */,
				BE1FDA258CC628ECA8F7072B /* [CP] Embed Pods Frameworks */,
			);
			buildRules = (
			);
			dependencies = (
				150799FF25628E8F005DBEF5 /* PBXTargetDependency */,
			);
			name = RxSwiftReviewDemoUITests;
			productName = RxSwiftReviewDemoUITests;
			productReference = 150799FD25628E8F005DBEF5 /* RxSwiftReviewDemoUITests.xctest */;
			productType = "com.apple.product-type.bundle.ui-testing";
		};
/* End PBXNativeTarget section */

/* Begin PBXProject section */
		150799D425628E8C005DBEF5 /* Project object */ = {
			isa = PBXProject;
			attributes = {
				LastSwiftUpdateCheck = 1220;
				LastUpgradeCheck = 1220;
				TargetAttributes = {
					150799DB25628E8C005DBEF5 = {
						CreatedOnToolsVersion = 12.2;
					};
					150799F125628E8F005DBEF5 = {
						CreatedOnToolsVersion = 12.2;
						TestTargetID = 150799DB25628E8C005DBEF5;
					};
					150799FC25628E8F005DBEF5 = {
						CreatedOnToolsVersion = 12.2;
						TestTargetID = 150799DB25628E8C005DBEF5;
					};
				};
			};
			buildConfigurationList = 150799D725628E8C005DBEF5 /* Build configuration list for PBXProject "RxSwiftReviewDemo" */;
			compatibilityVersion = "Xcode 9.3";
			developmentRegion = en;
			hasScannedForEncodings = 0;
			knownRegions = (
				en,
				Base,
			);
			mainGroup = 150799D325628E8C005DBEF5;
			productRefGroup = 150799DD25628E8C005DBEF5 /* Products */;
			projectDirPath = "";
			projectRoot = "";
			targets = (
				150799DB25628E8C005DBEF5 /* RxSwiftReviewDemo */,
				150799F125628E8F005DBEF5 /* RxSwiftReviewDemoTests */,
				150799FC25628E8F005DBEF5 /* RxSwiftReviewDemoUITests */,
			);
		};
/* End PBXProject section */

/* Begin PBXResourcesBuildPhase section */
		150799DA25628E8C005DBEF5 /* Resources */ = {
			isa = PBXResourcesBuildPhase;
			buildActionMask = 2147483647;
			files = (
				150799EC25628E8E005DBEF5 /* LaunchScreen.storyboard in Resources */,
				150799E925628E8E005DBEF5 /* Assets.xcassets in Resources */,
				150799E725628E8C005DBEF5 /* Main.storyboard in Resources */,
			);
			runOnlyForDeploymentPostprocessing = 0;
		};
		150799F025628E8F005DBEF5 /* Resources */ = {
			isa = PBXResourcesBuildPhase;
			buildActionMask = 2147483647;
			files = (
			);
			runOnlyForDeploymentPostprocessing = 0;
		};
		150799FB25628E8F005DBEF5 /* Resources */ = {
			isa = PBXResourcesBuildPhase;
			buildActionMask = 2147483647;
			files = (
			);
			runOnlyForDeploymentPostprocessing = 0;
		};
/* End PBXResourcesBuildPhase section */

/* Begin PBXShellScriptBuildPhase section */
		578CBB9CF673AC7D8D67C5B7 /* [CP] Check Pods Manifest.lock */ = {
			isa = PBXShellScriptBuildPhase;
			buildActionMask = 2147483647;
			files = (
			);
			inputFileListPaths = (
			);
			inputPaths = (
				"${PODS_PODFILE_DIR_PATH}/Podfile.lock",
				"${PODS_ROOT}/Manifest.lock",
			);
			name = "[CP] Check Pods Manifest.lock";
			outputFileListPaths = (
			);
			outputPaths = (
				"$(DERIVED_FILE_DIR)/Pods-RxSwiftReviewDemo-RxSwiftReviewDemoUITests-checkManifestLockResult.txt",
			);
			runOnlyForDeploymentPostprocessing = 0;
			shellPath = /bin/sh;
			shellScript = "diff \"${PODS_PODFILE_DIR_PATH}/Podfile.lock\" \"${PODS_ROOT}/Manifest.lock\" > /dev/null\nif [ $? != 0 ] ; then\n    # print error to STDERR\n    echo \"error: The sandbox is not in sync with the Podfile.lock. Run 'pod install' or update your CocoaPods installation.\" >&2\n    exit 1\nfi\n# This output is used by Xcode 'outputs' to avoid re-running this script phase.\necho \"SUCCESS\" > \"${SCRIPT_OUTPUT_FILE_0}\"\n";
			showEnvVarsInLog = 0;
		};
		6FEABBE48D7A15E5BAF8C675 /* [CP] Embed Pods Frameworks */ = {
			isa = PBXShellScriptBuildPhase;
			buildActionMask = 2147483647;
			files = (
			);
			inputFileListPaths = (
				"${PODS_ROOT}/Target Support Files/Pods-RxSwiftReviewDemo/Pods-RxSwiftReviewDemo-frameworks-${CONFIGURATION}-input-files.xcfilelist",
			);
			name = "[CP] Embed Pods Frameworks";
			outputFileListPaths = (
				"${PODS_ROOT}/Target Support Files/Pods-RxSwiftReviewDemo/Pods-RxSwiftReviewDemo-frameworks-${CONFIGURATION}-output-files.xcfilelist",
			);
			runOnlyForDeploymentPostprocessing = 0;
			shellPath = /bin/sh;
			shellScript = "\"${PODS_ROOT}/Target Support Files/Pods-RxSwiftReviewDemo/Pods-RxSwiftReviewDemo-frameworks.sh\"\n";
			showEnvVarsInLog = 0;
		};
		76D0C340AD72B1A67767D419 /* [CP] Check Pods Manifest.lock */ = {
			isa = PBXShellScriptBuildPhase;
			buildActionMask = 2147483647;
			files = (
			);
			inputFileListPaths = (
			);
			inputPaths = (
				"${PODS_PODFILE_DIR_PATH}/Podfile.lock",
				"${PODS_ROOT}/Manifest.lock",
			);
			name = "[CP] Check Pods Manifest.lock";
			outputFileListPaths = (
			);
			outputPaths = (
				"$(DERIVED_FILE_DIR)/Pods-RxSwiftReviewDemoTests-checkManifestLockResult.txt",
			);
			runOnlyForDeploymentPostprocessing = 0;
			shellPath = /bin/sh;
			shellScript = "diff \"${PODS_PODFILE_DIR_PATH}/Podfile.lock\" \"${PODS_ROOT}/Manifest.lock\" > /dev/null\nif [ $? != 0 ] ; then\n    # print error to STDERR\n    echo \"error: The sandbox is not in sync with the Podfile.lock. Run 'pod install' or update your CocoaPods installation.\" >&2\n    exit 1\nfi\n# This output is used by Xcode 'outputs' to avoid re-running this script phase.\necho \"SUCCESS\" > \"${SCRIPT_OUTPUT_FILE_0}\"\n";
			showEnvVarsInLog = 0;
		};
		A5204D2480323014071F4D77 /* [CP] Check Pods Manifest.lock */ = {
			isa = PBXShellScriptBuildPhase;
			buildActionMask = 2147483647;
			files = (
			);
			inputFileListPaths = (
			);
			inputPaths = (
				"${PODS_PODFILE_DIR_PATH}/Podfile.lock",
				"${PODS_ROOT}/Manifest.lock",
			);
			name = "[CP] Check Pods Manifest.lock";
			outputFileListPaths = (
			);
			outputPaths = (
				"$(DERIVED_FILE_DIR)/Pods-RxSwiftReviewDemo-checkManifestLockResult.txt",
			);
			runOnlyForDeploymentPostprocessing = 0;
			shellPath = /bin/sh;
			shellScript = "diff \"${PODS_PODFILE_DIR_PATH}/Podfile.lock\" \"${PODS_ROOT}/Manifest.lock\" > /dev/null\nif [ $? != 0 ] ; then\n    # print error to STDERR\n    echo \"error: The sandbox is not in sync with the Podfile.lock. Run 'pod install' or update your CocoaPods installation.\" >&2\n    exit 1\nfi\n# This output is used by Xcode 'outputs' to avoid re-running this script phase.\necho \"SUCCESS\" > \"${SCRIPT_OUTPUT_FILE_0}\"\n";
			showEnvVarsInLog = 0;
		};
		BE1FDA258CC628ECA8F7072B /* [CP] Embed Pods Frameworks */ = {
			isa = PBXShellScriptBuildPhase;
			buildActionMask = 2147483647;
			files = (
			);
			inputFileListPaths = (
				"${PODS_ROOT}/Target Support Files/Pods-RxSwiftReviewDemo-RxSwiftReviewDemoUITests/Pods-RxSwiftReviewDemo-RxSwiftReviewDemoUITests-frameworks-${CONFIGURATION}-input-files.xcfilelist",
			);
			name = "[CP] Embed Pods Frameworks";
			outputFileListPaths = (
				"${PODS_ROOT}/Target Support Files/Pods-RxSwiftReviewDemo-RxSwiftReviewDemoUITests/Pods-RxSwiftReviewDemo-RxSwiftReviewDemoUITests-frameworks-${CONFIGURATION}-output-files.xcfilelist",
			);
			runOnlyForDeploymentPostprocessing = 0;
			shellPath = /bin/sh;
			shellScript = "\"${PODS_ROOT}/Target Support Files/Pods-RxSwiftReviewDemo-RxSwiftReviewDemoUITests/Pods-RxSwiftReviewDemo-RxSwiftReviewDemoUITests-frameworks.sh\"\n";
			showEnvVarsInLog = 0;
		};
/* End PBXShellScriptBuildPhase section */

/* Begin PBXSourcesBuildPhase section */
		150799D825628E8C005DBEF5 /* Sources */ = {
			isa = PBXSourcesBuildPhase;
			buildActionMask = 2147483647;
			files = (
				150799E425628E8C005DBEF5 /* ZQObservableViewController.swift in Sources */,
				15A5BF6425AC5F240000A30F /* ZQOperatorCombineViewController.swift in Sources */,
				15EDFB7E258231F300537D31 /* ZQObserverViewController.swift in Sources */,
				15C010DA25A3129200B9EAFA /* ZQOperatorTransformViewController.swift in Sources */,
				15983C1C2592DA9700F72BDC /* ZQSubjectsViewController.swift in Sources */,
				155733AB25B13193000AC106 /* ZQOperatorFilterViewController.swift in Sources */,
				1588A09425C94633005A3C8B /* ZQOperatorMathematicalAggregateViewController.swift in Sources */,
				150799E025628E8C005DBEF5 /* AppDelegate.swift in Sources */,
				1588A0A525C94997005A3C8B /* ZQOperatorOtherViewController.swift in Sources */,
				1588A0AD25C94A98005A3C8B /* ZQErrorHandlingOperatorsViewController.swift in Sources */,
				1588A0B525C94ACD005A3C8B /* ZQDebugViewController.swift in Sources */,
				1588A08F25C93BAA005A3C8B /* ZQOperatorConnectableViewController.swift in Sources */,
				15361D9F25805D3E008325FB /* RootViewController.swift in Sources */,
				15C7D6B425B84447002765B5 /* ZQOperatorConditionalBooleanViewController.swift in Sources */,
				15CD6225259B2E2300D647EB /* BaseViewController.swift in Sources */,
				150799E225628E8C005DBEF5 /* SceneDelegate.swift in Sources */,
			);
			runOnlyForDeploymentPostprocessing = 0;
		};
		150799EE25628E8F005DBEF5 /* Sources */ = {
			isa = PBXSourcesBuildPhase;
			buildActionMask = 2147483647;
			files = (
				150799F725628E8F005DBEF5 /* RxSwiftReviewDemoTests.swift in Sources */,
			);
			runOnlyForDeploymentPostprocessing = 0;
		};
		150799F925628E8F005DBEF5 /* Sources */ = {
			isa = PBXSourcesBuildPhase;
			buildActionMask = 2147483647;
			files = (
				15079A0225628E8F005DBEF5 /* RxSwiftReviewDemoUITests.swift in Sources */,
			);
			runOnlyForDeploymentPostprocessing = 0;
		};
/* End PBXSourcesBuildPhase section */

/* Begin PBXTargetDependency section */
		150799F425628E8F005DBEF5 /* PBXTargetDependency */ = {
			isa = PBXTargetDependency;
			target = 150799DB25628E8C005DBEF5 /* RxSwiftReviewDemo */;
			targetProxy = 150799F325628E8F005DBEF5 /* PBXContainerItemProxy */;
		};
		150799FF25628E8F005DBEF5 /* PBXTargetDependency */ = {
			isa = PBXTargetDependency;
			target = 150799DB25628E8C005DBEF5 /* RxSwiftReviewDemo */;
			targetProxy = 150799FE25628E8F005DBEF5 /* PBXContainerItemProxy */;
		};
/* End PBXTargetDependency section */

/* Begin PBXVariantGroup section */
		150799E525628E8C005DBEF5 /* Main.storyboard */ = {
			isa = PBXVariantGroup;
			children = (
				150799E625628E8C005DBEF5 /* Base */,
			);
			name = Main.storyboard;
			sourceTree = "<group>";
		};
		150799EA25628E8E005DBEF5 /* LaunchScreen.storyboard */ = {
			isa = PBXVariantGroup;
			children = (
				150799EB25628E8E005DBEF5 /* Base */,
			);
			name = LaunchScreen.storyboard;
			sourceTree = "<group>";
		};
/* End PBXVariantGroup section */

/* Begin XCBuildConfiguration section */
		15079A0425628E8F005DBEF5 /* Debug */ = {
			isa = XCBuildConfiguration;
			buildSettings = {
				ALWAYS_SEARCH_USER_PATHS = NO;
				CLANG_ANALYZER_NONNULL = YES;
				CLANG_ANALYZER_NUMBER_OBJECT_CONVERSION = YES_AGGRESSIVE;
				CLANG_CXX_LANGUAGE_STANDARD = "gnu++14";
				CLANG_CXX_LIBRARY = "libc++";
				CLANG_ENABLE_MODULES = YES;
				CLANG_ENABLE_OBJC_ARC = YES;
				CLANG_ENABLE_OBJC_WEAK = YES;
				CLANG_WARN_BLOCK_CAPTURE_AUTORELEASING = YES;
				CLANG_WARN_BOOL_CONVERSION = YES;
				CLANG_WARN_COMMA = YES;
				CLANG_WARN_CONSTANT_CONVERSION = YES;
				CLANG_WARN_DEPRECATED_OBJC_IMPLEMENTATIONS = YES;
				CLANG_WARN_DIRECT_OBJC_ISA_USAGE = YES_ERROR;
				CLANG_WARN_DOCUMENTATION_COMMENTS = YES;
				CLANG_WARN_EMPTY_BODY = YES;
				CLANG_WARN_ENUM_CONVERSION = YES;
				CLANG_WARN_INFINITE_RECURSION = YES;
				CLANG_WARN_INT_CONVERSION = YES;
				CLANG_WARN_NON_LITERAL_NULL_CONVERSION = YES;
				CLANG_WARN_OBJC_IMPLICIT_RETAIN_SELF = YES;
				CLANG_WARN_OBJC_LITERAL_CONVERSION = YES;
				CLANG_WARN_OBJC_ROOT_CLASS = YES_ERROR;
				CLANG_WARN_QUOTED_INCLUDE_IN_FRAMEWORK_HEADER = YES;
				CLANG_WARN_RANGE_LOOP_ANALYSIS = YES;
				CLANG_WARN_STRICT_PROTOTYPES = YES;
				CLANG_WARN_SUSPICIOUS_MOVE = YES;
				CLANG_WARN_UNGUARDED_AVAILABILITY = YES_AGGRESSIVE;
				CLANG_WARN_UNREACHABLE_CODE = YES;
				CLANG_WARN__DUPLICATE_METHOD_MATCH = YES;
				COPY_PHASE_STRIP = NO;
				DEBUG_INFORMATION_FORMAT = dwarf;
				ENABLE_STRICT_OBJC_MSGSEND = YES;
				ENABLE_TESTABILITY = YES;
				GCC_C_LANGUAGE_STANDARD = gnu11;
				GCC_DYNAMIC_NO_PIC = NO;
				GCC_NO_COMMON_BLOCKS = YES;
				GCC_OPTIMIZATION_LEVEL = 0;
				GCC_PREPROCESSOR_DEFINITIONS = (
					"DEBUG=1",
					"$(inherited)",
				);
				GCC_WARN_64_TO_32_BIT_CONVERSION = YES;
				GCC_WARN_ABOUT_RETURN_TYPE = YES_ERROR;
				GCC_WARN_UNDECLARED_SELECTOR = YES;
				GCC_WARN_UNINITIALIZED_AUTOS = YES_AGGRESSIVE;
				GCC_WARN_UNUSED_FUNCTION = YES;
				GCC_WARN_UNUSED_VARIABLE = YES;
				IPHONEOS_DEPLOYMENT_TARGET = 13.1;
				MTL_ENABLE_DEBUG_INFO = INCLUDE_SOURCE;
				MTL_FAST_MATH = YES;
				ONLY_ACTIVE_ARCH = YES;
				SDKROOT = iphoneos;
				SWIFT_ACTIVE_COMPILATION_CONDITIONS = DEBUG;
				SWIFT_OPTIMIZATION_LEVEL = "-Onone";
			};
			name = Debug;
		};
		15079A0525628E8F005DBEF5 /* Release */ = {
			isa = XCBuildConfiguration;
			buildSettings = {
				ALWAYS_SEARCH_USER_PATHS = NO;
				CLANG_ANALYZER_NONNULL = YES;
				CLANG_ANALYZER_NUMBER_OBJECT_CONVERSION = YES_AGGRESSIVE;
				CLANG_CXX_LANGUAGE_STANDARD = "gnu++14";
				CLANG_CXX_LIBRARY = "libc++";
				CLANG_ENABLE_MODULES = YES;
				CLANG_ENABLE_OBJC_ARC = YES;
				CLANG_ENABLE_OBJC_WEAK = YES;
				CLANG_WARN_BLOCK_CAPTURE_AUTORELEASING = YES;
				CLANG_WARN_BOOL_CONVERSION = YES;
				CLANG_WARN_COMMA = YES;
				CLANG_WARN_CONSTANT_CONVERSION = YES;
				CLANG_WARN_DEPRECATED_OBJC_IMPLEMENTATIONS = YES;
				CLANG_WARN_DIRECT_OBJC_ISA_USAGE = YES_ERROR;
				CLANG_WARN_DOCUMENTATION_COMMENTS = YES;
				CLANG_WARN_EMPTY_BODY = YES;
				CLANG_WARN_ENUM_CONVERSION = YES;
				CLANG_WARN_INFINITE_RECURSION = YES;
				CLANG_WARN_INT_CONVERSION = YES;
				CLANG_WARN_NON_LITERAL_NULL_CONVERSION = YES;
				CLANG_WARN_OBJC_IMPLICIT_RETAIN_SELF = YES;
				CLANG_WARN_OBJC_LITERAL_CONVERSION = YES;
				CLANG_WARN_OBJC_ROOT_CLASS = YES_ERROR;
				CLANG_WARN_QUOTED_INCLUDE_IN_FRAMEWORK_HEADER = YES;
				CLANG_WARN_RANGE_LOOP_ANALYSIS = YES;
				CLANG_WARN_STRICT_PROTOTYPES = YES;
				CLANG_WARN_SUSPICIOUS_MOVE = YES;
				CLANG_WARN_UNGUARDED_AVAILABILITY = YES_AGGRESSIVE;
				CLANG_WARN_UNREACHABLE_CODE = YES;
				CLANG_WARN__DUPLICATE_METHOD_MATCH = YES;
				COPY_PHASE_STRIP = NO;
				DEBUG_INFORMATION_FORMAT = "dwarf-with-dsym";
				ENABLE_NS_ASSERTIONS = NO;
				ENABLE_STRICT_OBJC_MSGSEND = YES;
				GCC_C_LANGUAGE_STANDARD = gnu11;
				GCC_NO_COMMON_BLOCKS = YES;
				GCC_WARN_64_TO_32_BIT_CONVERSION = YES;
				GCC_WARN_ABOUT_RETURN_TYPE = YES_ERROR;
				GCC_WARN_UNDECLARED_SELECTOR = YES;
				GCC_WARN_UNINITIALIZED_AUTOS = YES_AGGRESSIVE;
				GCC_WARN_UNUSED_FUNCTION = YES;
				GCC_WARN_UNUSED_VARIABLE = YES;
				IPHONEOS_DEPLOYMENT_TARGET = 13.1;
				MTL_ENABLE_DEBUG_INFO = NO;
				MTL_FAST_MATH = YES;
				SDKROOT = iphoneos;
				SWIFT_COMPILATION_MODE = wholemodule;
				SWIFT_OPTIMIZATION_LEVEL = "-O";
				VALIDATE_PRODUCT = YES;
			};
			name = Release;
		};
		15079A0725628E8F005DBEF5 /* Debug */ = {
			isa = XCBuildConfiguration;
			baseConfigurationReference = 857B717F5BE33AFF16A0E30F /* Pods-RxSwiftReviewDemo.debug.xcconfig */;
			buildSettings = {
				ASSETCATALOG_COMPILER_APPICON_NAME = AppIcon;
				ASSETCATALOG_COMPILER_GLOBAL_ACCENT_COLOR_NAME = AccentColor;
				CODE_SIGN_STYLE = Automatic;
				DEVELOPMENT_TEAM = 2RA5LSHPUJ;
				INFOPLIST_FILE = RxSwiftReviewDemo/Info.plist;
				LD_RUNPATH_SEARCH_PATHS = (
					"$(inherited)",
					"@executable_path/Frameworks",
				);
				PRODUCT_BUNDLE_IDENTIFIER = zhengzeqin.com.cn.RxSwiftReviewDemo;
				PRODUCT_NAME = "$(TARGET_NAME)";
				SWIFT_VERSION = 5.0;
				TARGETED_DEVICE_FAMILY = "1,2";
			};
			name = Debug;
		};
		15079A0825628E8F005DBEF5 /* Release */ = {
			isa = XCBuildConfiguration;
			baseConfigurationReference = 79835FC679D3CC2F314692EA /* Pods-RxSwiftReviewDemo.release.xcconfig */;
			buildSettings = {
				ASSETCATALOG_COMPILER_APPICON_NAME = AppIcon;
				ASSETCATALOG_COMPILER_GLOBAL_ACCENT_COLOR_NAME = AccentColor;
				CODE_SIGN_STYLE = Automatic;
				DEVELOPMENT_TEAM = 2RA5LSHPUJ;
				INFOPLIST_FILE = RxSwiftReviewDemo/Info.plist;
				LD_RUNPATH_SEARCH_PATHS = (
					"$(inherited)",
					"@executable_path/Frameworks",
				);
				PRODUCT_BUNDLE_IDENTIFIER = zhengzeqin.com.cn.RxSwiftReviewDemo;
				PRODUCT_NAME = "$(TARGET_NAME)";
				SWIFT_VERSION = 5.0;
				TARGETED_DEVICE_FAMILY = "1,2";
			};
			name = Release;
		};
		15079A0A25628E8F005DBEF5 /* Debug */ = {
			isa = XCBuildConfiguration;
			baseConfigurationReference = B02A15D9B40AF9E505ACFC6A /* Pods-RxSwiftReviewDemoTests.debug.xcconfig */;
			buildSettings = {
				ALWAYS_EMBED_SWIFT_STANDARD_LIBRARIES = YES;
				BUNDLE_LOADER = "$(TEST_HOST)";
				CODE_SIGN_STYLE = Automatic;
				DEVELOPMENT_TEAM = 2RA5LSHPUJ;
				INFOPLIST_FILE = RxSwiftReviewDemoTests/Info.plist;
				IPHONEOS_DEPLOYMENT_TARGET = 14.2;
				LD_RUNPATH_SEARCH_PATHS = (
					"$(inherited)",
					"@executable_path/Frameworks",
					"@loader_path/Frameworks",
				);
				PRODUCT_BUNDLE_IDENTIFIER = zhengzeqin.com.cn.RxSwiftReviewDemoTests;
				PRODUCT_NAME = "$(TARGET_NAME)";
				SWIFT_VERSION = 5.0;
				TARGETED_DEVICE_FAMILY = "1,2";
				TEST_HOST = "$(BUILT_PRODUCTS_DIR)/RxSwiftReviewDemo.app/RxSwiftReviewDemo";
			};
			name = Debug;
		};
		15079A0B25628E8F005DBEF5 /* Release */ = {
			isa = XCBuildConfiguration;
			baseConfigurationReference = ABC83EDEAC2866D477945C47 /* Pods-RxSwiftReviewDemoTests.release.xcconfig */;
			buildSettings = {
				ALWAYS_EMBED_SWIFT_STANDARD_LIBRARIES = YES;
				BUNDLE_LOADER = "$(TEST_HOST)";
				CODE_SIGN_STYLE = Automatic;
				DEVELOPMENT_TEAM = 2RA5LSHPUJ;
				INFOPLIST_FILE = RxSwiftReviewDemoTests/Info.plist;
				IPHONEOS_DEPLOYMENT_TARGET = 14.2;
				LD_RUNPATH_SEARCH_PATHS = (
					"$(inherited)",
					"@executable_path/Frameworks",
					"@loader_path/Frameworks",
				);
				PRODUCT_BUNDLE_IDENTIFIER = zhengzeqin.com.cn.RxSwiftReviewDemoTests;
				PRODUCT_NAME = "$(TARGET_NAME)";
				SWIFT_VERSION = 5.0;
				TARGETED_DEVICE_FAMILY = "1,2";
				TEST_HOST = "$(BUILT_PRODUCTS_DIR)/RxSwiftReviewDemo.app/RxSwiftReviewDemo";
			};
			name = Release;
		};
		15079A0D25628E8F005DBEF5 /* Debug */ = {
			isa = XCBuildConfiguration;
			baseConfigurationReference = 49EC978325ADE0B65186141C /* Pods-RxSwiftReviewDemo-RxSwiftReviewDemoUITests.debug.xcconfig */;
			buildSettings = {
				ALWAYS_EMBED_SWIFT_STANDARD_LIBRARIES = YES;
				CODE_SIGN_STYLE = Automatic;
				DEVELOPMENT_TEAM = 2RA5LSHPUJ;
				INFOPLIST_FILE = RxSwiftReviewDemoUITests/Info.plist;
				LD_RUNPATH_SEARCH_PATHS = (
					"$(inherited)",
					"@executable_path/Frameworks",
					"@loader_path/Frameworks",
				);
				PRODUCT_BUNDLE_IDENTIFIER = zhengzeqin.com.cn.RxSwiftReviewDemoUITests;
				PRODUCT_NAME = "$(TARGET_NAME)";
				SWIFT_VERSION = 5.0;
				TARGETED_DEVICE_FAMILY = "1,2";
				TEST_TARGET_NAME = RxSwiftReviewDemo;
			};
			name = Debug;
		};
		15079A0E25628E8F005DBEF5 /* Release */ = {
			isa = XCBuildConfiguration;
			baseConfigurationReference = EDA4DEEF35DBE0099C1466A3 /* Pods-RxSwiftReviewDemo-RxSwiftReviewDemoUITests.release.xcconfig */;
			buildSettings = {
				ALWAYS_EMBED_SWIFT_STANDARD_LIBRARIES = YES;
				CODE_SIGN_STYLE = Automatic;
				DEVELOPMENT_TEAM = 2RA5LSHPUJ;
				INFOPLIST_FILE = RxSwiftReviewDemoUITests/Info.plist;
				LD_RUNPATH_SEARCH_PATHS = (
					"$(inherited)",
					"@executable_path/Frameworks",
					"@loader_path/Frameworks",
				);
				PRODUCT_BUNDLE_IDENTIFIER = zhengzeqin.com.cn.RxSwiftReviewDemoUITests;
				PRODUCT_NAME = "$(TARGET_NAME)";
				SWIFT_VERSION = 5.0;
				TARGETED_DEVICE_FAMILY = "1,2";
				TEST_TARGET_NAME = RxSwiftReviewDemo;
			};
			name = Release;
		};
/* End XCBuildConfiguration section */

/* Begin XCConfigurationList section */
		150799D725628E8C005DBEF5 /* Build configuration list for PBXProject "RxSwiftReviewDemo" */ = {
			isa = XCConfigurationList;
			buildConfigurations = (
				15079A0425628E8F005DBEF5 /* Debug */,
				15079A0525628E8F005DBEF5 /* Release */,
			);
			defaultConfigurationIsVisible = 0;
			defaultConfigurationName = Release;
		};
		15079A0625628E8F005DBEF5 /* Build configuration list for PBXNativeTarget "RxSwiftReviewDemo" */ = {
			isa = XCConfigurationList;
			buildConfigurations = (
				15079A0725628E8F005DBEF5 /* Debug */,
				15079A0825628E8F005DBEF5 /* Release */,
			);
			defaultConfigurationIsVisible = 0;
			defaultConfigurationName = Release;
		};
		15079A0925628E8F005DBEF5 /* Build configuration list for PBXNativeTarget "RxSwiftReviewDemoTests" */ = {
			isa = XCConfigurationList;
			buildConfigurations = (
				15079A0A25628E8F005DBEF5 /* Debug */,
				15079A0B25628E8F005DBEF5 /* Release */,
			);
			defaultConfigurationIsVisible = 0;
			defaultConfigurationName = Release;
		};
		15079A0C25628E8F005DBEF5 /* Build configuration list for PBXNativeTarget "RxSwiftReviewDemoUITests" */ = {
			isa = XCConfigurationList;
			buildConfigurations = (
				15079A0D25628E8F005DBEF5 /* Debug */,
				15079A0E25628E8F005DBEF5 /* Release */,
			);
			defaultConfigurationIsVisible = 0;
			defaultConfigurationName = Release;
		};
/* End XCConfigurationList section */
	};
	rootObject = 150799D425628E8C005DBEF5 /* Project object */;
}
